// !$*UTF8*$!
{
	archiveVersion = 1;
	classes = {
	};
	objectVersion = 48;
	objects = {

/* Begin PBXBuildFile section */
		7FBA9A5B9FB169C82231EA91 /* libPods-LeapMotionControl.a in Frameworks */ = {isa = PBXBuildFile; fileRef = AC5ECF3D5395ED3565A3EBA4 /* libPods-LeapMotionControl.a */; };
		CC01C1A320702A64007CE06F /* libboost_atomic-mt.a in Frameworks */ = {isa = PBXBuildFile; fileRef = CC01C1A220702A64007CE06F /* libboost_atomic-mt.a */; };
		CCB02683206FFDEE002B4700 /* libLeap.dylib in Frameworks */ = {isa = PBXBuildFile; fileRef = CCB02680206FFDED002B4700 /* libLeap.dylib */; };
		CCB02688206FFE94002B4700 /* main.cpp in Sources */ = {isa = PBXBuildFile; fileRef = CCB02687206FFE93002B4700 /* main.cpp */; };
/* End PBXBuildFile section */

/* Begin PBXCopyFilesBuildPhase section */
		CCB02673206FFD7F002B4700 /* CopyFiles */ = {
			isa = PBXCopyFilesBuildPhase;
			buildActionMask = 2147483647;
			dstPath = /usr/share/man/man1/;
			dstSubfolderSpec = 0;
			files = (
			);
			runOnlyForDeploymentPostprocessing = 1;
		};
/* End PBXCopyFilesBuildPhase section */

/* Begin PBXFileReference section */
		A78884DF81D73EE17486044C /* Pods-LeapMotionControl.release.xcconfig */ = {isa = PBXFileReference; includeInIndex = 1; lastKnownFileType = text.xcconfig; name = "Pods-LeapMotionControl.release.xcconfig"; path = "Pods/Target Support Files/Pods-LeapMotionControl/Pods-LeapMotionControl.release.xcconfig"; sourceTree = "<group>"; };
		AC5ECF3D5395ED3565A3EBA4 /* libPods-LeapMotionControl.a */ = {isa = PBXFileReference; explicitFileType = archive.ar; includeInIndex = 0; path = "libPods-LeapMotionControl.a"; sourceTree = BUILT_PRODUCTS_DIR; };
		CC01C1A220702A64007CE06F /* libboost_atomic-mt.a */ = {isa = PBXFileReference; lastKnownFileType = archive.ar; name = "libboost_atomic-mt.a"; path = "../../../../../../../usr/local/Cellar/boost/1.66.0/lib/libboost_atomic-mt.a"; sourceTree = "<group>"; };
		CCB02675206FFD7F002B4700 /* LeapMotionControl */ = {isa = PBXFileReference; explicitFileType = "compiled.mach-o.executable"; includeInIndex = 0; path = LeapMotionControl; sourceTree = BUILT_PRODUCTS_DIR; };
		CCB0267F206FFDED002B4700 /* LeapMath.h */ = {isa = PBXFileReference; fileEncoding = 4; lastKnownFileType = sourcecode.c.h; path = LeapMath.h; sourceTree = "<group>"; };
		CCB02680206FFDED002B4700 /* libLeap.dylib */ = {isa = PBXFileReference; lastKnownFileType = "compiled.mach-o.dylib"; path = libLeap.dylib; sourceTree = "<group>"; };
		CCB02682206FFDEE002B4700 /* Leap.h */ = {isa = PBXFileReference; fileEncoding = 4; lastKnownFileType = sourcecode.c.h; path = Leap.h; sourceTree = "<group>"; };
		CCB02687206FFE93002B4700 /* main.cpp */ = {isa = PBXFileReference; fileEncoding = 4; lastKnownFileType = sourcecode.cpp.cpp; path = main.cpp; sourceTree = "<group>"; };
		D33201DE9F8B5BF3FF62AF55 /* Pods-LeapMotionControl.debug.xcconfig */ = {isa = PBXFileReference; includeInIndex = 1; lastKnownFileType = text.xcconfig; name = "Pods-LeapMotionControl.debug.xcconfig"; path = "Pods/Target Support Files/Pods-LeapMotionControl/Pods-LeapMotionControl.debug.xcconfig"; sourceTree = "<group>"; };
/* End PBXFileReference section */

/* Begin PBXFrameworksBuildPhase section */
		CCB02672206FFD7F002B4700 /* Frameworks */ = {
			isa = PBXFrameworksBuildPhase;
			buildActionMask = 2147483647;
			files = (
				CC01C1A320702A64007CE06F /* libboost_atomic-mt.a in Frameworks */,
				CCB02683206FFDEE002B4700 /* libLeap.dylib in Frameworks */,
				7FBA9A5B9FB169C82231EA91 /* libPods-LeapMotionControl.a in Frameworks */,
			);
			runOnlyForDeploymentPostprocessing = 0;
		};
/* End PBXFrameworksBuildPhase section */

/* Begin PBXGroup section */
		0A35899C5710096C46905D02 /* Frameworks */ = {
			isa = PBXGroup;
			children = (
				CC01C1A220702A64007CE06F /* libboost_atomic-mt.a */,
				AC5ECF3D5395ED3565A3EBA4 /* libPods-LeapMotionControl.a */,
			);
			name = Frameworks;
			sourceTree = "<group>";
		};
		6D2DDEA5E9685630A5BCBEDD /* Pods */ = {
			isa = PBXGroup;
			children = (
				D33201DE9F8B5BF3FF62AF55 /* Pods-LeapMotionControl.debug.xcconfig */,
				A78884DF81D73EE17486044C /* Pods-LeapMotionControl.release.xcconfig */,
			);
			name = Pods;
			sourceTree = "<group>";
		};
		CCB0266C206FFD7F002B4700 = {
			isa = PBXGroup;
			children = (
				CCB02677206FFD7F002B4700 /* LeapMotionControl */,
				CCB02676206FFD7F002B4700 /* Products */,
				6D2DDEA5E9685630A5BCBEDD /* Pods */,
				0A35899C5710096C46905D02 /* Frameworks */,
			);
			sourceTree = "<group>";
		};
		CCB02676206FFD7F002B4700 /* Products */ = {
			isa = PBXGroup;
			children = (
				CCB02675206FFD7F002B4700 /* LeapMotionControl */,
			);
			name = Products;
			sourceTree = "<group>";
		};
		CCB02677206FFD7F002B4700 /* LeapMotionControl */ = {
			isa = PBXGroup;
			children = (
				CCB02682206FFDEE002B4700 /* Leap.h */,
				CCB0267F206FFDED002B4700 /* LeapMath.h */,
				CCB02680206FFDED002B4700 /* libLeap.dylib */,
				CCB02687206FFE93002B4700 /* main.cpp */,
			);
			path = LeapMotionControl;
			sourceTree = "<group>";
		};
/* End PBXGroup section */

/* Begin PBXNativeTarget section */
		CCB02674206FFD7F002B4700 /* LeapMotionControl */ = {
			isa = PBXNativeTarget;
			buildConfigurationList = CCB0267C206FFD7F002B4700 /* Build configuration list for PBXNativeTarget "LeapMotionControl" */;
			buildPhases = (
				7F8AAF9C6C55697EB18F965B /* [CP] Check Pods Manifest.lock */,
				CCB02671206FFD7F002B4700 /* Sources */,
				CCB02672206FFD7F002B4700 /* Frameworks */,
				CCB02673206FFD7F002B4700 /* CopyFiles */,
				EF3A11221B873A861E46FAEE /* [CP] Copy Pods Resources */,
			);
			buildRules = (
			);
			dependencies = (
			);
			name = LeapMotionControl;
			productName = LeapMotionControl;
			productReference = CCB02675206FFD7F002B4700 /* LeapMotionControl */;
			productType = "com.apple.product-type.tool";
		};
/* End PBXNativeTarget section */

/* Begin PBXProject section */
		CCB0266D206FFD7F002B4700 /* Project object */ = {
			isa = PBXProject;
			attributes = {
				LastUpgradeCheck = 0920;
				ORGANIZATIONNAME = "Ruyin Shao";
				TargetAttributes = {
					CCB02674206FFD7F002B4700 = {
						CreatedOnToolsVersion = 9.2;
						ProvisioningStyle = Automatic;
					};
				};
			};
			buildConfigurationList = CCB02670206FFD7F002B4700 /* Build configuration list for PBXProject "LeapMotionControl" */;
			compatibilityVersion = "Xcode 8.0";
			developmentRegion = en;
			hasScannedForEncodings = 0;
			knownRegions = (
				en,
			);
			mainGroup = CCB0266C206FFD7F002B4700;
			productRefGroup = CCB02676206FFD7F002B4700 /* Products */;
			projectDirPath = "";
			projectRoot = "";
			targets = (
				CCB02674206FFD7F002B4700 /* LeapMotionControl */,
			);
		};
/* End PBXProject section */

/* Begin PBXShellScriptBuildPhase section */
		7F8AAF9C6C55697EB18F965B /* [CP] Check Pods Manifest.lock */ = {
			isa = PBXShellScriptBuildPhase;
			buildActionMask = 2147483647;
			files = (
			);
			inputPaths = (
				"${PODS_PODFILE_DIR_PATH}/Podfile.lock",
				"${PODS_ROOT}/Manifest.lock",
			);
			name = "[CP] Check Pods Manifest.lock";
			outputPaths = (
				"$(DERIVED_FILE_DIR)/Pods-LeapMotionControl-checkManifestLockResult.txt",
			);
			runOnlyForDeploymentPostprocessing = 0;
			shellPath = /bin/sh;
			shellScript = "diff \"${PODS_PODFILE_DIR_PATH}/Podfile.lock\" \"${PODS_ROOT}/Manifest.lock\" > /dev/null\nif [ $? != 0 ] ; then\n    # print error to STDERR\n    echo \"error: The sandbox is not in sync with the Podfile.lock. Run 'pod install' or update your CocoaPods installation.\" >&2\n    exit 1\nfi\n# This output is used by Xcode 'outputs' to avoid re-running this script phase.\necho \"SUCCESS\" > \"${SCRIPT_OUTPUT_FILE_0}\"\n";
			showEnvVarsInLog = 0;
		};
		EF3A11221B873A861E46FAEE /* [CP] Copy Pods Resources */ = {
			isa = PBXShellScriptBuildPhase;
			buildActionMask = 2147483647;
			files = (
			);
			inputPaths = (
			);
			name = "[CP] Copy Pods Resources";
			outputPaths = (
			);
			runOnlyForDeploymentPostprocessing = 0;
			shellPath = /bin/sh;
			shellScript = "\"${SRCROOT}/Pods/Target Support Files/Pods-LeapMotionControl/Pods-LeapMotionControl-resources.sh\"\n";
			showEnvVarsInLog = 0;
		};
/* End PBXShellScriptBuildPhase section */

/* Begin PBXSourcesBuildPhase section */
		CCB02671206FFD7F002B4700 /* Sources */ = {
			isa = PBXSourcesBuildPhase;
			buildActionMask = 2147483647;
			files = (
				CCB02688206FFE94002B4700 /* main.cpp in Sources */,
			);
			runOnlyForDeploymentPostprocessing = 0;
		};
/* End PBXSourcesBuildPhase section */

/* Begin XCBuildConfiguration section */
		CCB0267A206FFD7F002B4700 /* Debug */ = {
			isa = XCBuildConfiguration;
			buildSettings = {
				ALWAYS_SEARCH_USER_PATHS = YES;
				CLANG_ANALYZER_NONNULL = YES;
				CLANG_ANALYZER_NUMBER_OBJECT_CONVERSION = YES_AGGRESSIVE;
				CLANG_CXX_LANGUAGE_STANDARD = "gnu++14";
				CLANG_CXX_LIBRARY = "libc++";
				CLANG_ENABLE_MODULES = YES;
				CLANG_ENABLE_OBJC_ARC = YES;
				CLANG_WARN_BLOCK_CAPTURE_AUTORELEASING = YES;
				CLANG_WARN_BOOL_CONVERSION = YES;
				CLANG_WARN_COMMA = YES;
				CLANG_WARN_CONSTANT_CONVERSION = YES;
				CLANG_WARN_DIRECT_OBJC_ISA_USAGE = YES_ERROR;
				CLANG_WARN_DOCUMENTATION_COMMENTS = YES;
				CLANG_WARN_EMPTY_BODY = YES;
				CLANG_WARN_ENUM_CONVERSION = YES;
				CLANG_WARN_INFINITE_RECURSION = YES;
				CLANG_WARN_INT_CONVERSION = YES;
				CLANG_WARN_NON_LITERAL_NULL_CONVERSION = YES;
				CLANG_WARN_OBJC_LITERAL_CONVERSION = YES;
				CLANG_WARN_OBJC_ROOT_CLASS = YES_ERROR;
				CLANG_WARN_RANGE_LOOP_ANALYSIS = YES;
				CLANG_WARN_STRICT_PROTOTYPES = YES;
				CLANG_WARN_SUSPICIOUS_MOVE = YES;
				CLANG_WARN_UNGUARDED_AVAILABILITY = YES_AGGRESSIVE;
				CLANG_WARN_UNREACHABLE_CODE = YES;
				CLANG_WARN__DUPLICATE_METHOD_MATCH = YES;
				CODE_SIGN_IDENTITY = "-";
				COPY_PHASE_STRIP = NO;
				DEBUG_INFORMATION_FORMAT = dwarf;
				ENABLE_STRICT_OBJC_MSGSEND = YES;
				ENABLE_TESTABILITY = YES;
				GCC_C_LANGUAGE_STANDARD = gnu11;
				GCC_DYNAMIC_NO_PIC = NO;
				GCC_NO_COMMON_BLOCKS = YES;
				GCC_OPTIMIZATION_LEVEL = 0;
				GCC_PREPROCESSOR_DEFINITIONS = (
					"DEBUG=1",
					"$(inherited)",
				);
				GCC_WARN_64_TO_32_BIT_CONVERSION = YES;
				GCC_WARN_ABOUT_RETURN_TYPE = YES_ERROR;
				GCC_WARN_UNDECLARED_SELECTOR = YES;
				GCC_WARN_UNINITIALIZED_AUTOS = YES_AGGRESSIVE;
				GCC_WARN_UNUSED_FUNCTION = YES;
				GCC_WARN_UNUSED_VARIABLE = YES;
				HEADER_SEARCH_PATHS = (
					/usr/local/Cellar/boost/1.66.0/include/boost,
					/usr/local/Cellar/boost/1.66.0/include,
					/usr/local/Cellar/cpprestsdk/2.10.2/include/cpprest,
					/usr/local/Cellar/cpprestsdk/2.10.2/lib,
					/usr/local/Cellar/openssl/1.0.2o_1/include,
				);
				LIBRARY_SEARCH_PATHS = (
					/usr/local/Cellar/cpprestsdk/2.10.2/lib,
					/usr/local/Cellar/boost/1.66.0/lib,
					/usr/local/Cellar/openssl/1.0.2o_1/lib,
				);
				MACOSX_DEPLOYMENT_TARGET = 10.12;
				MTL_ENABLE_DEBUG_INFO = YES;
				ONLY_ACTIVE_ARCH = YES;
				SDKROOT = macosx;
				USER_HEADER_SEARCH_PATHS = "/usr/local/Cellar/cpprestsdk/2.10.2/include /usr/local/Cellar/boost/1.66.0/include /usr/local/Cellar/openssl/1.0.2o_1/include";
			};
			name = Debug;
		};
		CCB0267B206FFD7F002B4700 /* Release */ = {
			isa = XCBuildConfiguration;
			buildSettings = {
				ALWAYS_SEARCH_USER_PATHS = YES;
				CLANG_ANALYZER_NONNULL = YES;
				CLANG_ANALYZER_NUMBER_OBJECT_CONVERSION = YES_AGGRESSIVE;
				CLANG_CXX_LANGUAGE_STANDARD = "gnu++14";
				CLANG_CXX_LIBRARY = "libc++";
				CLANG_ENABLE_MODULES = YES;
				CLANG_ENABLE_OBJC_ARC = YES;
				CLANG_WARN_BLOCK_CAPTURE_AUTORELEASING = YES;
				CLANG_WARN_BOOL_CONVERSION = YES;
				CLANG_WARN_COMMA = YES;
				CLANG_WARN_CONSTANT_CONVERSION = YES;
				CLANG_WARN_DIRECT_OBJC_ISA_USAGE = YES_ERROR;
				CLANG_WARN_DOCUMENTATION_COMMENTS = YES;
				CLANG_WARN_EMPTY_BODY = YES;
				CLANG_WARN_ENUM_CONVERSION = YES;
				CLANG_WARN_INFINITE_RECURSION = YES;
				CLANG_WARN_INT_CONVERSION = YES;
				CLANG_WARN_NON_LITERAL_NULL_CONVERSION = YES;
				CLANG_WARN_OBJC_LITERAL_CONVERSION = YES;
				CLANG_WARN_OBJC_ROOT_CLASS = YES_ERROR;
				CLANG_WARN_RANGE_LOOP_ANALYSIS = YES;
				CLANG_WARN_STRICT_PROTOTYPES = YES;
				CLANG_WARN_SUSPICIOUS_MOVE = YES;
				CLANG_WARN_UNGUARDED_AVAILABILITY = YES_AGGRESSIVE;
				CLANG_WARN_UNREACHABLE_CODE = YES;
				CLANG_WARN__DUPLICATE_METHOD_MATCH = YES;
				CODE_SIGN_IDENTITY = "-";
				COPY_PHASE_STRIP = NO;
				DEBUG_INFORMATION_FORMAT = "dwarf-with-dsym";
				ENABLE_NS_ASSERTIONS = NO;
				ENABLE_STRICT_OBJC_MSGSEND = YES;
				GCC_C_LANGUAGE_STANDARD = gnu11;
				GCC_NO_COMMON_BLOCKS = YES;
				GCC_WARN_64_TO_32_BIT_CONVERSION = YES;
				GCC_WARN_ABOUT_RETURN_TYPE = YES_ERROR;
				GCC_WARN_UNDECLARED_SELECTOR = YES;
				GCC_WARN_UNINITIALIZED_AUTOS = YES_AGGRESSIVE;
				GCC_WARN_UNUSED_FUNCTION = YES;
				GCC_WARN_UNUSED_VARIABLE = YES;
				HEADER_SEARCH_PATHS = (
					/usr/local/Cellar/boost/1.66.0/include/boost,
					/usr/local/Cellar/boost/1.66.0/include,
					/usr/local/Cellar/cpprestsdk/2.10.2/include/cpprest,
					/usr/local/Cellar/cpprestsdk/2.10.2/lib,
					/usr/local/Cellar/openssl/1.0.2o_1/include,
				);
				LIBRARY_SEARCH_PATHS = (
					/usr/local/Cellar/cpprestsdk/2.10.2/lib,
					/usr/local/Cellar/boost/1.66.0/lib,
					/usr/local/Cellar/openssl/1.0.2o_1/lib,
				);
				MACOSX_DEPLOYMENT_TARGET = 10.12;
				MTL_ENABLE_DEBUG_INFO = NO;
				SDKROOT = macosx;
				USER_HEADER_SEARCH_PATHS = "/usr/local/Cellar/cpprestsdk/2.10.2/include /usr/local/Cellar/boost/1.66.0/include /usr/local/Cellar/openssl/1.0.2o_1/include";
			};
			name = Release;
		};
		CCB0267D206FFD7F002B4700 /* Debug */ = {
			isa = XCBuildConfiguration;
			baseConfigurationReference = D33201DE9F8B5BF3FF62AF55 /* Pods-LeapMotionControl.debug.xcconfig */;
			buildSettings = {
				CODE_SIGN_STYLE = Automatic;
				LIBRARY_SEARCH_PATHS = (
					"$(inherited)",
					"$(PROJECT_DIR)/LeapMotionControl",
					/usr/local/Cellar/cpprestsdk/2.10.2/lib,
				);
				PRODUCT_NAME = "$(TARGET_NAME)";
			};
			name = Debug;
		};
		CCB0267E206FFD7F002B4700 /* Release */ = {
			isa = XCBuildConfiguration;
			baseConfigurationReference = A78884DF81D73EE17486044C /* Pods-LeapMotionControl.release.xcconfig */;
			buildSettings = {
				CODE_SIGN_STYLE = Automatic;
				LIBRARY_SEARCH_PATHS = (
					"$(inherited)",
					"$(PROJECT_DIR)/LeapMotionControl",
					/usr/local/Cellar/cpprestsdk/2.10.2/lib,
				);
				PRODUCT_NAME = "$(TARGET_NAME)";
			};
			name = Release;
		};
/* End XCBuildConfiguration section */

/* Begin XCConfigurationList section */
		CCB02670206FFD7F002B4700 /* Build configuration list for PBXProject "LeapMotionControl" */ = {
			isa = XCConfigurationList;
			buildConfigurations = (
				CCB0267A206FFD7F002B4700 /* Debug */,
				CCB0267B206FFD7F002B4700 /* Release */,
			);
			defaultConfigurationIsVisible = 0;
			defaultConfigurationName = Release;
		};
		CCB0267C206FFD7F002B4700 /* Build configuration list for PBXNativeTarget "LeapMotionControl" */ = {
			isa = XCConfigurationList;
			buildConfigurations = (
				CCB0267D206FFD7F002B4700 /* Debug */,
				CCB0267E206FFD7F002B4700 /* Release */,
			);
			defaultConfigurationIsVisible = 0;
			defaultConfigurationName = Release;
		};
/* End XCConfigurationList section */
	};
	rootObject = CCB0266D206FFD7F002B4700 /* Project object */;
}
